	<Project xmlns="http://schemas.microsoft.com/developer/msbuild/2003">
		<PropertyGroup>
			<ProjectGuid>{1ba77fd0-a918-4e65-a49f-61e4646286fb}</ProjectGuid>
			<MainSource>EPM.dpr</MainSource>
			<Configuration Condition=" '$(Configuration)' == '' ">Debug</Configuration>
			<Platform Condition=" '$(Platform)' == '' ">AnyCPU</Platform>
			<DCC_DCCCompiler>DCC32</DCC_DCCCompiler>
			<DCC_DependencyCheckOutputName>..\Release\EPM.exe</DCC_DependencyCheckOutputName>
			<ProjectVersion>12.0</ProjectVersion>
			<Config Condition="'$(Config)'==''">Release</Config>
		</PropertyGroup>
		<PropertyGroup Condition="'$(Config)'=='Base' or '$(Base)'!=''">
			<Base>true</Base>
		</PropertyGroup>
		<PropertyGroup Condition="'$(Config)'=='Release' or '$(Cfg_1)'!=''">
			<Cfg_1>true</Cfg_1>
			<CfgParent>Base</CfgParent>
			<Base>true</Base>
		</PropertyGroup>
		<PropertyGroup Condition="'$(Config)'=='Debug' or '$(Cfg_2)'!=''">
			<Cfg_2>true</Cfg_2>
			<CfgParent>Base</CfgParent>
			<Base>true</Base>
		</PropertyGroup>
		<PropertyGroup Condition="'$(Base)'!=''">
			<DCC_ExeOutput>..\Release\</DCC_ExeOutput>
			<DCC_DcuOutput>lib\</DCC_DcuOutput>
			<DCC_UsePackage>vcl;rtl;vclx;vclactnband;vclimg;dbrtl;vcldb;vcltouch;xmlrtl;dsnap;dsnapcon;bdertl;TeeUI;TeeDB;Tee;adortl;IndyCore;IndySystem;IndyProtocols;VclSmp;vclribbon;DbxClientDriver;DbxCommonDriver;DBXInterBaseDriver;DBXMySQLDriver;DBXFirebirdDriver;DBXSybaseASEDriver;DBXSybaseASADriver;DBXOracleDriver;DBXMSSQLDriver;DBXInformixDriver;DBXDb2Driver;dbxcds;dbexpress;dxCoreD14;cxLibraryD14;cxEditorsD14;cxExtEditorsD14;dxBarD14;dxBarDBNavD14;dxBarExtDBItemsD14;dxBarExtItemsD14;dxRibbonD14;cxBarEditItemD14;dxdbtrD14;dxtrmdD14;dxmdsD14;dxDockingD14;cxPageControlD14;dxLayoutControlD14;dxNavBarD14;dxdborD14;dxorgcD14;cxGridD14;cxPivotGridD14;cxPivotGridChartD14;cxPivotGridOLAPD14;cxTreeListD14;cxTreeListdxBarPopupMenuD14;dxComnD14;dxsbD14;dcldxSkinsCoreD14;dxSkinsCoreD14;dxSkinscxPCPainterD14;dxSkinscxScheduler3PainterD14;cxSchedulerD14;dxSkinsdxDLPainterD14;dxSkinsdxBarPainterD14;dxSkinsdxNavBar2PainterD14;dxSpellCheckerD14;cxSpreadSheetD14;cxVerticalGridD14;dxPSCoreD14;dxPSLnksD14;dxPScxCommonD14;dxPScxExtCommonD14;dxPScxGrid6LnkD14;dxPScxPivotGrid2LnkD14;dxPScxScheduler3LnkD14;dxPScxSSLnkD14;dxPScxTL5LnkD14;dxPScxVGridLnkD14;dxPSTeeChartD14;dxPSDBTeeChartD14;dxPSdxOCLnkD14;dxPSdxDBOCLnkD14;dxPSdxDBTVLnkD14;dxPSdxFCLnkD14;dxPSdxLC2LnkD14;dxPScxPCProdD14;dxPsPrVwAdvD14;dxPSPrVwRibbonD14;dxSkinsdxRibbonPainterD14;RaizeComponentsVcl;RaizeComponentsVclDb;ThirdPartyPackge;frx14;frxADO14;frxDB14;tmsd2010;tmsexd2010;tmswizd2010;tmsxlsd2010;Package1</DCC_UsePackage>
			<DCC_DependencyCheckOutputName>..\Release\EPM.exe</DCC_DependencyCheckOutputName>
		</PropertyGroup>
		<PropertyGroup Condition="'$(Cfg_1)'!=''">
			<Version>7.0</Version>
			<DCC_WriteableConstants>True</DCC_WriteableConstants>
			<DCC_SymbolReferenceInfo>2</DCC_SymbolReferenceInfo>
			<DCC_ObjOutput>C:\Working\PsProjectManage\Client for SubPsb\lib</DCC_ObjOutput>
			<DCC_HppOutput>C:\Working\PsProjectManage\Client for SubPsb\lib</DCC_HppOutput>
			<DCC_UnitSearchPath>$(BDS)\lib\Debug;$(BDS)\Lib\Debug\Indy10;C:\Working\PsProjectManage\Client for SubPsb;$(DCC_UnitSearchPath)</DCC_UnitSearchPath>
			<DCC_ResourcePath>$(BDS)\lib\Debug;$(BDS)\Lib\Debug\Indy10;C:\Working\PsProjectManage\Client for SubPsb;$(DCC_ResourcePath)</DCC_ResourcePath>
			<DCC_ObjPath>$(BDS)\lib\Debug;$(BDS)\Lib\Debug\Indy10;C:\Working\PsProjectManage\Client for SubPsb;$(DCC_ObjPath)</DCC_ObjPath>
			<DCC_IncludePath>$(BDS)\lib\Debug;$(BDS)\Lib\Debug\Indy10;C:\Working\PsProjectManage\Client for SubPsb;$(DCC_IncludePath)</DCC_IncludePath>
			<DCC_Define>RELEASE;$(DCC_Define)</DCC_Define>
			<DCC_UNSAFE_TYPE>True</DCC_UNSAFE_TYPE>
			<DCC_UNSAFE_CODE>True</DCC_UNSAFE_CODE>
			<DCC_UNSAFE_CAST>True</DCC_UNSAFE_CAST>
		</PropertyGroup>
		<PropertyGroup Condition="'$(Cfg_2)'!=''">
			<BRCC_IncludePath>C:\Users\shaobing\Documents\RAD Studio\6.0\Imports;$(BRCC_IncludePath)</BRCC_IncludePath>
			<Version>7.0</Version>
			<DCC_WriteableConstants>True</DCC_WriteableConstants>
			<DCC_ExeOutput>..\Release\</DCC_ExeOutput>
			<DCC_DcuOutput>lib\</DCC_DcuOutput>
			<DCC_ObjOutput>C:\Working\PsProjectManage\Client for SubPsb\lib</DCC_ObjOutput>
			<DCC_HppOutput>C:\Working\PsProjectManage\Client for SubPsb\lib</DCC_HppOutput>
			<DCC_UnitSearchPath>$(BDS)\lib\Debug;$(BDS)\Lib\Debug\Indy10;C:\Working\PsProjectManage\Client for SubPsb;$(DCC_UnitSearchPath)</DCC_UnitSearchPath>
			<DCC_ResourcePath>$(BDS)\lib\Debug;$(BDS)\Lib\Debug\Indy10;C:\Working\PsProjectManage\Client for SubPsb;$(DCC_ResourcePath)</DCC_ResourcePath>
			<DCC_ObjPath>$(BDS)\lib\Debug;$(BDS)\Lib\Debug\Indy10;C:\Working\PsProjectManage\Client for SubPsb;$(DCC_ObjPath)</DCC_ObjPath>
			<DCC_IncludePath>$(BDS)\lib\Debug;$(BDS)\Lib\Debug\Indy10;C:\Working\PsProjectManage\Client for SubPsb;$(DCC_IncludePath)</DCC_IncludePath>
			<DCC_Define>DEBUG;$(DCC_Define)</DCC_Define>
			<DCC_UNSAFE_TYPE>True</DCC_UNSAFE_TYPE>
			<DCC_UNSAFE_CODE>True</DCC_UNSAFE_CODE>
			<DCC_UNSAFE_CAST>True</DCC_UNSAFE_CAST>
			<DCC_SymbolReferenceInfo>2</DCC_SymbolReferenceInfo>
			<DCC_RangeChecking>True</DCC_RangeChecking>
		</PropertyGroup>
		<ProjectExtensions>
			<Borland.Personality>Delphi.Personality.12</Borland.Personality>
			<Borland.ProjectType>VCLApplication</Borland.ProjectType>
			<BorlandProject>
				<Delphi.Personality>
					<Parameters>
						<Parameters Name="UseLauncher">False</Parameters>
						<Parameters Name="LoadAllSymbols">True</Parameters>
						<Parameters Name="LoadUnspecifiedSymbols">False</Parameters>
					</Parameters>
					<VersionInfo>
						<VersionInfo Name="IncludeVerInfo">True</VersionInfo>
						<VersionInfo Name="AutoIncBuild">False</VersionInfo>
						<VersionInfo Name="MajorVer">2</VersionInfo>
						<VersionInfo Name="MinorVer">1</VersionInfo>
						<VersionInfo Name="Release">1</VersionInfo>
						<VersionInfo Name="Build">0</VersionInfo>
						<VersionInfo Name="Debug">False</VersionInfo>
						<VersionInfo Name="PreRelease">False</VersionInfo>
						<VersionInfo Name="Special">False</VersionInfo>
						<VersionInfo Name="Private">False</VersionInfo>
						<VersionInfo Name="DLL">False</VersionInfo>
						<VersionInfo Name="Locale">2052</VersionInfo>
						<VersionInfo Name="CodePage">936</VersionInfo>
					</VersionInfo>
					<VersionInfoKeys>
						<VersionInfoKeys Name="CompanyName">上海晨辉科技</VersionInfoKeys>
						<VersionInfoKeys Name="FileDescription">工程管理供电分公司版本</VersionInfoKeys>
						<VersionInfoKeys Name="FileVersion">2.1.1.0</VersionInfoKeys>
						<VersionInfoKeys Name="InternalName"/>
						<VersionInfoKeys Name="LegalCopyright"/>
						<VersionInfoKeys Name="LegalTrademarks"/>
						<VersionInfoKeys Name="OriginalFilename"/>
						<VersionInfoKeys Name="ProductName">Easy Project</VersionInfoKeys>
						<VersionInfoKeys Name="ProductVersion">2.0.0.0</VersionInfoKeys>
						<VersionInfoKeys Name="Comments"/>
					</VersionInfoKeys>
					<Excluded_Packages/>
					<Source>
						<Source Name="MainSource">EPM.dpr</Source>
					</Source>
				</Delphi.Personality>
				<ModelSupport>False</ModelSupport>
			</BorlandProject>
			<ProjectFileVersion>12</ProjectFileVersion>
		</ProjectExtensions>
		<ItemGroup>
			<DelphiCompile Include="EPM.dpr">
				<MainSource>MainSource</MainSource>
			</DelphiCompile>
			<DCCReference Include="Main.pas">
				<Form>Frm_Main</Form>
			</DCCReference>
			<DCCReference Include="newitem.pas">
				<Form>Frm_New</Form>
			</DCCReference>
			<DCCReference Include="Browser.pas">
				<Form>Fram_Browser</Form>
				<DesignClass>TFrame</DesignClass>
			</DCCReference>
			<DCCReference Include="framdgwt.pas">
				<Form>Fram_dg</Form>
				<DesignClass>TFrame</DesignClass>
			</DCCReference>
			<DCCReference Include="Dm.pas">
				<Form>Dm_Epm</Form>
				<DesignClass>TDataModule</DesignClass>
			</DCCReference>
			<DCCReference Include="prjbrowser.pas">
				<Form>Framtree_browser</Form>
				<DesignClass>TFrame</DesignClass>
			</DCCReference>
			<DCCReference Include="tasktree.pas">
				<Form>Framtree_Task</Form>
				<DesignClass>TFrame</DesignClass>
			</DCCReference>
			<DCCReference Include="Login.pas">
				<Form>Frm_Login</Form>
			</DCCReference>
			<DCCReference Include="pubvar.pas"/>
			<DCCReference Include="searchtree.pas">
				<Form>Framtree_Search</Form>
				<DesignClass>TFrame</DesignClass>
			</DCCReference>
			<DCCReference Include="flowcontrol.pas">
				<Form>Frm_FlowControl</Form>
			</DCCReference>
			<DCCReference Include="newprj.pas">
				<Form>Fram_NewPrj</Form>
				<DesignClass>TFrame</DesignClass>
			</DCCReference>
			<DCCReference Include="Engdoc.pas">
				<Form>Fram_Dwg</Form>
				<DesignClass>TFrame</DesignClass>
			</DCCReference>
			<DCCReference Include="Budget.pas">
				<Form>Fram_Budget</Form>
				<DesignClass>TFrame</DesignClass>
			</DCCReference>
			<DCCReference Include="newdoc.pas">
				<Form>Frm_NewDoc</Form>
			</DCCReference>
			<DCCReference Include="setpwd.pas">
				<Form>Frm_ModPwd</Form>
			</DCCReference>
			<DCCReference Include="finance.pas">
				<Form>Fram_Finance</Form>
				<DesignClass>TFrame</DesignClass>
			</DCCReference>
			<DCCReference Include="frmplan.pas">
				<Form>Frm_Plan</Form>
			</DCCReference>
			<DCCReference Include="Getclendar.pas">
				<Form>Frm_GetClendar</Form>
			</DCCReference>
			<DCCReference Include="selectcontract.pas">
				<Form>Frm_Selectcontract</Form>
			</DCCReference>
			<DCCReference Include="Baseinfo_xt.pas">
				<Form>Fram_NewNbPrj</Form>
				<DesignClass>TFrame</DesignClass>
			</DCCReference>
			<DCCReference Include="Documents.pas">
				<Form>Fram_PrjDoc</Form>
				<DesignClass>TFrame</DesignClass>
			</DCCReference>
			<DCCReference Include="prjremark.pas">
				<Form>Frame_remark</Form>
				<DesignClass>TFrame</DesignClass>
			</DCCReference>
			<DCCReference Include="Contract.pas">
				<Form>Frm_Contract</Form>
			</DCCReference>
			<DCCReference Include="BudDoc.pas">
				<Form>Frm_buddoc</Form>
			</DCCReference>
			<DCCReference Include="Prj_jgys.pas">
				<Form>Frame_Jgys</Form>
				<DesignClass>TFrame</DesignClass>
			</DCCReference>
			<DCCReference Include="Assets.pas">
				<Form>Fram_gdzc</Form>
				<DesignClass>TFrame</DesignClass>
			</DCCReference>
			<DCCReference Include="Asset_add.pas">
				<Form>Frm_AddAssets</Form>
			</DCCReference>
			<DCCReference Include="ReportManag.pas">
				<Form>Frm_report</Form>
			</DCCReference>
			<DCCReference Include="Prj_Design.pas">
				<Form>Frm_PrjDesign</Form>
			</DCCReference>
			<DCCReference Include="Prjbase.pas">
				<Form>Fram_prjbase</Form>
				<DesignClass>TFrame</DesignClass>
			</DCCReference>
			<DCCReference Include="Viewdoc.pas">
				<Form>Frm_Viewdoc</Form>
			</DCCReference>
			<DCCReference Include="BudgetInput.pas">
				<Form>Frm_InputBud</Form>
			</DCCReference>
			<DCCReference Include="newygprj.pas">
				<Form>Fram_NewygPrj</Form>
				<DesignClass>TFrame</DesignClass>
			</DCCReference>
			<DCCReference Include="PrjPlan.pas">
				<Form>Fram_Prjplan</Form>
				<DesignClass>TFrame</DesignClass>
			</DCCReference>
			<DCCReference Include="PrjExecontract.pas">
				<Form>Fram_Execontract</Form>
				<DesignClass>TFrame</DesignClass>
			</DCCReference>
			<DCCReference Include="PrjCheck.pas">
				<Form>Fram_prjcheck</Form>
				<DesignClass>TFrame</DesignClass>
			</DCCReference>
			<DCCReference Include="NodePlan.pas">
				<Form>Fram_Nodeplan</Form>
				<DesignClass>TFrame</DesignClass>
			</DCCReference>
			<DCCReference Include="PrjGantte.pas">
				<Form>Fram_gante</Form>
				<DesignClass>TFrame</DesignClass>
			</DCCReference>
			<DCCReference Include="Search.pas">
				<Form>frm_search</Form>
			</DCCReference>
			<DCCReference Include="exportfield.pas">
				<Form>frm_export</Form>
			</DCCReference>
			<DCCReference Include="Setparam.pas">
				<Form>frm_setpara</Form>
			</DCCReference>
			<DCCReference Include="Prj_bdys.pas">
				<Form>Fram_bdys</Form>
				<DesignClass>TFrame</DesignClass>
			</DCCReference>
			<DCCReference Include="Sumcondition.pas">
				<Form>frm_sumcondition</Form>
			</DCCReference>
			<DCCReference Include="designcontract.pas">
				<Form>Fram_descontract</Form>
				<DesignClass>TFrame</DesignClass>
			</DCCReference>
			<DCCReference Include="treefram.pas">
				<Form>Fram_Tree</Form>
				<DesignClass>TFrame</DesignClass>
			</DCCReference>
			<DCCReference Include="kybg.pas">
				<Form>Fram_kybg</Form>
				<DesignClass>TFrame</DesignClass>
			</DCCReference>
			<DCCReference Include="Udelayprj.pas">
				<Form>frm_Delayprj</Form>
			</DCCReference>
			<DCCReference Include="PrjAcount.pas">
				<Form>frm_GenPrjacc</Form>
			</DCCReference>
			<DCCReference Include="subPrjAcc.pas">
				<Form>fram_subprjacc</Form>
				<DesignClass>TFrame</DesignClass>
			</DCCReference>
			<DCCReference Include="NewDesignPrj.pas">
				<Form>fram_designprj</Form>
				<DesignClass>TFrame</DesignClass>
			</DCCReference>
			<DCCReference Include="UFindPrj.pas">
				<Form>frm_findprj</Form>
			</DCCReference>
			<DCCReference Include="Materal.pas">
				<Form>Fram_Mat</Form>
				<DesignClass>TFrame</DesignClass>
			</DCCReference>
			<DCCReference Include="TreeListprj.pas">
				<Form>Fram_TltBase</Form>
				<DesignClass>TFrame</DesignClass>
			</DCCReference>
			<DCCReference Include="..\Common\Fmxutils.pas"/>
			<DCCReference Include="Flowlog.pas">
				<Form>Fram_log</Form>
				<DesignClass>TFrame</DesignClass>
			</DCCReference>
			<DCCReference Include="FlowTrace.pas">
				<Form>Fram_FlowTrace</Form>
				<DesignClass>TFrame</DesignClass>
			</DCCReference>
			<DCCReference Include="MatInput.pas">
				<Form>frm_SelectMat</Form>
			</DCCReference>
			<DCCReference Include="..\Common\MyReport.pas"/>
			<DCCReference Include="..\MD5\UMD5.pas"/>
			<DCCReference Include="frm_sgdw.pas">
				<Form>frm_contractcompany</Form>
			</DCCReference>
			<DCCReference Include="DelayContract.pas">
				<Form>frm_DelayContract</Form>
			</DCCReference>
			<DCCReference Include="frmDelayDate.pas">
				<Form>frm_DateRange</Form>
			</DCCReference>
			<DCCReference Include="frm_exportcontractlist.pas">
				<Form>frm_contractlist</Form>
			</DCCReference>
			<DCCReference Include="importbudget.pas">
				<Form>frm_importbudget</Form>
			</DCCReference>
			<DCCReference Include="Jffzr.pas">
				<Form>frm_jffzr</Form>
			</DCCReference>
			<DCCReference Include="importwtdesign.pas">
				<Form>frm_ImportWtDesign</Form>
			</DCCReference>
			<DCCReference Include="Sjimport.pas">
				<Form>frm_importSj</Form>
			</DCCReference>
			<DCCReference Include="Gspfimport.pas">
				<Form>frm_importGspf</Form>
			</DCCReference>
			<DCCReference Include="JsReport.pas">
				<Form>frm_jsreport</Form>
			</DCCReference>
			<DCCReference Include="frm_designcompany.pas">
				<Form>frm_sjdw</Form>
			</DCCReference>
			<DCCReference Include="Chdw.pas">
				<Form>frm_chdw</Form>
			</DCCReference>
			<DCCReference Include="jldw.pas">
				<Form>frm_jldw</Form>
			</DCCReference>
			<None Include="EPM.todo"/>
			<BuildConfiguration Include="Base">
				<Key>Base</Key>
			</BuildConfiguration>
			<BuildConfiguration Include="Debug">
				<Key>Cfg_2</Key>
				<CfgParent>Base</CfgParent>
			</BuildConfiguration>
			<BuildConfiguration Include="Release">
				<Key>Cfg_1</Key>
				<CfgParent>Base</CfgParent>
			</BuildConfiguration>
		</ItemGroup>
		<Import Project="$(BDS)\Bin\CodeGear.Delphi.Targets" Condition="Exists('$(BDS)\Bin\CodeGear.Delphi.Targets')"/>
	</Project>
